PODS:
  - FlutterMacOS (1.0.0)
  - uiohook_flutter (0.0.1):
    - FlutterMacOS

DEPENDENCIES:
  - FlutterMacOS (from `Flutter/ephemeral`)
  - uiohook_flutter (from `Flutter/ephemeral/.symlinks/plugins/uiohook_flutter/macos`)

EXTERNAL SOURCES:
  FlutterMacOS:
    :path: Flutter/ephemeral
  uiohook_flutter:
    :path: Flutter/ephemeral/.symlinks/plugins/uiohook_flutter/macos

SPEC CHECKSUMS:
  FlutterMacOS: 8f6f14fa908a6fb3fba0cd85dbd81ec4b251fb24
  uiohook_flutter: 7c4cded7938ef843f8daa48f817113ea041a59fe

PODFILE CHECKSUM: 236401fc2c932af29a9fcf0e97baeeb2d750d367

COCOAPODS: 1.15.2
